// !$*UTF8*$!
{
	archiveVersion = 1;
	classes = {
	};
	objectVersion = 50;
	objects = {

/* Begin PBXBuildFile section */
		A035B8AC2140D79300A23D0C /* WZHObject.m in Sources */ = {isa = PBXBuildFile; fileRef = A035B8AA2140D79200A23D0C /* WZHObject.m */; };
		A035B8B02141250900A23D0C /* SetUpViewController.m in Sources */ = {isa = PBXBuildFile; fileRef = A035B8AF2141250900A23D0C /* SetUpViewController.m */; };
		A035B8B42142089700A23D0C /* IntegralViewController.m in Sources */ = {isa = PBXBuildFile; fileRef = A035B8B32142089600A23D0C /* IntegralViewController.m */; };
		A035B8B721420EF500A23D0C /* RecordViewController.m in Sources */ = {isa = PBXBuildFile; fileRef = A035B8B621420EF500A23D0C /* RecordViewController.m */; };
		A035B8BB214213A700A23D0C /* ModifyPWDViewController.m in Sources */ = {isa = PBXBuildFile; fileRef = A035B8BA214213A700A23D0C /* ModifyPWDViewController.m */; };
		A035B8BF21421E0A00A23D0C /* AddressViewController.m in Sources */ = {isa = PBXBuildFile; fileRef = A035B8BE21421E0A00A23D0C /* AddressViewController.m */; };
		A035B8C22142282F00A23D0C /* AddAddressViewController.m in Sources */ = {isa = PBXBuildFile; fileRef = A035B8C12142282F00A23D0C /* AddAddressViewController.m */; };
		A035B8C62142510F00A23D0C /* PersonalViewController.m in Sources */ = {isa = PBXBuildFile; fileRef = A035B8C52142510F00A23D0C /* PersonalViewController.m */; };
		A035B8C92142588D00A23D0C /* ConsumptionViewController.m in Sources */ = {isa = PBXBuildFile; fileRef = A035B8C82142588D00A23D0C /* ConsumptionViewController.m */; };
		A035B8CD214259C300A23D0C /* NewsViewController.m in Sources */ = {isa = PBXBuildFile; fileRef = A035B8CC214259C300A23D0C /* NewsViewController.m */; };
		A035B8D02142639100A23D0C /* NewsDetailViewController.m in Sources */ = {isa = PBXBuildFile; fileRef = A035B8CF2142639100A23D0C /* NewsDetailViewController.m */; };
		A035B8D3214266FA00A23D0C /* ContactViewController.m in Sources */ = {isa = PBXBuildFile; fileRef = A035B8D2214266FA00A23D0C /* ContactViewController.m */; };
		A035B8D621426AC800A23D0C /* AboutUsViewController.m in Sources */ = {isa = PBXBuildFile; fileRef = A035B8D521426AC800A23D0C /* AboutUsViewController.m */; };
		A035B8DA21460A6B00A23D0C /* MyOrderViewController.m in Sources */ = {isa = PBXBuildFile; fileRef = A035B8D921460A6B00A23D0C /* MyOrderViewController.m */; };
		A035B8DD214661EA00A23D0C /* OrderDetailViewController.m in Sources */ = {isa = PBXBuildFile; fileRef = A035B8DC214661EA00A23D0C /* OrderDetailViewController.m */; };
		A0392B6A213E65870002C48B /* AppDelegate.m in Sources */ = {isa = PBXBuildFile; fileRef = A0392B69213E65870002C48B /* AppDelegate.m */; };
		A0392B6D213E65870002C48B /* ViewController.m in Sources */ = {isa = PBXBuildFile; fileRef = A0392B6C213E65870002C48B /* ViewController.m */; };
		A0392B70213E65870002C48B /* Main.storyboard in Resources */ = {isa = PBXBuildFile; fileRef = A0392B6E213E65870002C48B /* Main.storyboard */; };
		A0392B72213E65890002C48B /* Assets.xcassets in Resources */ = {isa = PBXBuildFile; fileRef = A0392B71213E65890002C48B /* Assets.xcassets */; };
		A0392B75213E65890002C48B /* LaunchScreen.storyboard in Resources */ = {isa = PBXBuildFile; fileRef = A0392B73213E65890002C48B /* LaunchScreen.storyboard */; };
		A0392B78213E65890002C48B /* main.m in Sources */ = {isa = PBXBuildFile; fileRef = A0392B77213E65890002C48B /* main.m */; };
		A0392B82213E65890002C48B /* yiliangzhengpinTests.m in Sources */ = {isa = PBXBuildFile; fileRef = A0392B81213E65890002C48B /* yiliangzhengpinTests.m */; };
		A0392B8D213E65890002C48B /* yiliangzhengpinUITests.m in Sources */ = {isa = PBXBuildFile; fileRef = A0392B8C213E65890002C48B /* yiliangzhengpinUITests.m */; };
		A0392B9C213E66200002C48B /* ControllerTool.m in Sources */ = {isa = PBXBuildFile; fileRef = A0392B9B213E66200002C48B /* ControllerTool.m */; };
		A0392BA2213E668D0002C48B /* TabbarItem.m in Sources */ = {isa = PBXBuildFile; fileRef = A0392BA0213E668D0002C48B /* TabbarItem.m */; };
		A0392BA3213E668D0002C48B /* TabbarViewController.m in Sources */ = {isa = PBXBuildFile; fileRef = A0392BA1213E668D0002C48B /* TabbarViewController.m */; };
		A0392BA6213E66A70002C48B /* NavigationViewController.m in Sources */ = {isa = PBXBuildFile; fileRef = A0392BA4213E66A70002C48B /* NavigationViewController.m */; };
		A0392BAE213E69870002C48B /* HomeViewController.m in Sources */ = {isa = PBXBuildFile; fileRef = A0392BAD213E69870002C48B /* HomeViewController.m */; };
		A0392BB1213E69940002C48B /* ClassificationViewController.m in Sources */ = {isa = PBXBuildFile; fileRef = A0392BB0213E69940002C48B /* ClassificationViewController.m */; };
		A0392BB4213E69A00002C48B /* FindViewController.m in Sources */ = {isa = PBXBuildFile; fileRef = A0392BB3213E69A00002C48B /* FindViewController.m */; };
		A0392BB7213E69AA0002C48B /* MineViewController.m in Sources */ = {isa = PBXBuildFile; fileRef = A0392BB6213E69AA0002C48B /* MineViewController.m */; };
		A0392BBA213E6BFB0002C48B /* UIBarButtonItem+CustomButtonItem.m in Sources */ = {isa = PBXBuildFile; fileRef = A0392BB9213E6BFA0002C48B /* UIBarButtonItem+CustomButtonItem.m */; };
		A0392BBE213F75E50002C48B /* SDCycleScrollView.m in Sources */ = {isa = PBXBuildFile; fileRef = A0392BBD213F75E50002C48B /* SDCycleScrollView.m */; };
		A0392BC1213F76160002C48B /* SDCollectionViewCell.m in Sources */ = {isa = PBXBuildFile; fileRef = A0392BBF213F76160002C48B /* SDCollectionViewCell.m */; };
		A0392BC4213F762A0002C48B /* UIView+SDExtension.m in Sources */ = {isa = PBXBuildFile; fileRef = A0392BC3213F762A0002C48B /* UIView+SDExtension.m */; };
		A0392BF0213F76550002C48B /* TADotView.m in Sources */ = {isa = PBXBuildFile; fileRef = A0392BC7213F76540002C48B /* TADotView.m */; };
		A0392BF1213F76550002C48B /* TAPageControl.m in Sources */ = {isa = PBXBuildFile; fileRef = A0392BC8213F76540002C48B /* TAPageControl.m */; };
		A0392BF2213F76550002C48B /* TAAnimatedDotView.m in Sources */ = {isa = PBXBuildFile; fileRef = A0392BC9213F76540002C48B /* TAAnimatedDotView.m */; };
		A0392BF3213F76550002C48B /* TAAbstractDotView.m in Sources */ = {isa = PBXBuildFile; fileRef = A0392BCA213F76540002C48B /* TAAbstractDotView.m */; };
		A0392BF4213F76550002C48B /* UIImage+WebP.m in Sources */ = {isa = PBXBuildFile; fileRef = A0392BCF213F76550002C48B /* UIImage+WebP.m */; };
		A0392BF5213F76550002C48B /* MKAnnotationView+WebCache.m in Sources */ = {isa = PBXBuildFile; fileRef = A0392BD0213F76550002C48B /* MKAnnotationView+WebCache.m */; };
		A0392BF6213F76550002C48B /* SDWebImageManager.m in Sources */ = {isa = PBXBuildFile; fileRef = A0392BD3213F76550002C48B /* SDWebImageManager.m */; };
		A0392BF7213F76550002C48B /* SDWebImageDecoder.m in Sources */ = {isa = PBXBuildFile; fileRef = A0392BD4213F76550002C48B /* SDWebImageDecoder.m */; };
		A0392BF8213F76550002C48B /* UIImageView+HighlightedWebCache.m in Sources */ = {isa = PBXBuildFile; fileRef = A0392BD6213F76550002C48B /* UIImageView+HighlightedWebCache.m */; };
		A0392BF9213F76550002C48B /* SDWebImageDownloader.m in Sources */ = {isa = PBXBuildFile; fileRef = A0392BD8213F76550002C48B /* SDWebImageDownloader.m */; };
		A0392BFA213F76550002C48B /* UIImage+GIF.m in Sources */ = {isa = PBXBuildFile; fileRef = A0392BD9213F76550002C48B /* UIImage+GIF.m */; };
		A0392BFB213F76550002C48B /* UIImage+MultiFormat.m in Sources */ = {isa = PBXBuildFile; fileRef = A0392BDB213F76550002C48B /* UIImage+MultiFormat.m */; };
		A0392BFC213F76550002C48B /* SDWebImageCompat.m in Sources */ = {isa = PBXBuildFile; fileRef = A0392BDC213F76550002C48B /* SDWebImageCompat.m */; };
		A0392BFD213F76550002C48B /* SDWebImagePrefetcher.m in Sources */ = {isa = PBXBuildFile; fileRef = A0392BDD213F76550002C48B /* SDWebImagePrefetcher.m */; };
		A0392BFE213F76550002C48B /* SDImageCache.m in Sources */ = {isa = PBXBuildFile; fileRef = A0392BE1213F76550002C48B /* SDImageCache.m */; };
		A0392BFF213F76550002C48B /* SDWebImageDownloaderOperation.m in Sources */ = {isa = PBXBuildFile; fileRef = A0392BE3213F76550002C48B /* SDWebImageDownloaderOperation.m */; };
		A0392C00213F76550002C48B /* NSData+ImageContentType.m in Sources */ = {isa = PBXBuildFile; fileRef = A0392BE6213F76550002C48B /* NSData+ImageContentType.m */; };
		A0392C01213F76550002C48B /* UIImageView+WebCache.m in Sources */ = {isa = PBXBuildFile; fileRef = A0392BE7213F76550002C48B /* UIImageView+WebCache.m */; };
		A0392C02213F76550002C48B /* UIView+WebCacheOperation.m in Sources */ = {isa = PBXBuildFile; fileRef = A0392BEA213F76550002C48B /* UIView+WebCacheOperation.m */; };
		A0392C03213F76550002C48B /* UIButton+WebCache.m in Sources */ = {isa = PBXBuildFile; fileRef = A0392BEE213F76550002C48B /* UIButton+WebCache.m */; };
		A0392C06213F77C10002C48B /* UIViewExt.m in Sources */ = {isa = PBXBuildFile; fileRef = A0392C05213F77C10002C48B /* UIViewExt.m */; };
		A0392C0D213FACDF0002C48B /* HomeCollectionViewCell.m in Sources */ = {isa = PBXBuildFile; fileRef = A0392C0B213FACDF0002C48B /* HomeCollectionViewCell.m */; };
		A0392C0E213FACDF0002C48B /* HomeCollectionViewCell.xib in Resources */ = {isa = PBXBuildFile; fileRef = A0392C0C213FACDF0002C48B /* HomeCollectionViewCell.xib */; };
/* End PBXBuildFile section */

/* Begin PBXContainerItemProxy section */
		A0392B7E213E65890002C48B /* PBXContainerItemProxy */ = {
			isa = PBXContainerItemProxy;
			containerPortal = A0392B5D213E65870002C48B /* Project object */;
			proxyType = 1;
			remoteGlobalIDString = A0392B64213E65870002C48B;
			remoteInfo = yiliangzhengpin;
		};
		A0392B89213E65890002C48B /* PBXContainerItemProxy */ = {
			isa = PBXContainerItemProxy;
			containerPortal = A0392B5D213E65870002C48B /* Project object */;
			proxyType = 1;
			remoteGlobalIDString = A0392B64213E65870002C48B;
			remoteInfo = yiliangzhengpin;
		};
/* End PBXContainerItemProxy section */

/* Begin PBXFileReference section */
		A035B8AA2140D79200A23D0C /* WZHObject.m */ = {isa = PBXFileReference; fileEncoding = 4; lastKnownFileType = sourcecode.c.objc; path = WZHObject.m; sourceTree = "<group>"; };
		A035B8AB2140D79200A23D0C /* WZHObject.h */ = {isa = PBXFileReference; fileEncoding = 4; lastKnownFileType = sourcecode.c.h; path = WZHObject.h; sourceTree = "<group>"; };
		A035B8AE2141250900A23D0C /* SetUpViewController.h */ = {isa = PBXFileReference; lastKnownFileType = sourcecode.c.h; path = SetUpViewController.h; sourceTree = "<group>"; };
		A035B8AF2141250900A23D0C /* SetUpViewController.m */ = {isa = PBXFileReference; lastKnownFileType = sourcecode.c.objc; path = SetUpViewController.m; sourceTree = "<group>"; };
		A035B8B22142089600A23D0C /* IntegralViewController.h */ = {isa = PBXFileReference; lastKnownFileType = sourcecode.c.h; path = IntegralViewController.h; sourceTree = "<group>"; };
		A035B8B32142089600A23D0C /* IntegralViewController.m */ = {isa = PBXFileReference; lastKnownFileType = sourcecode.c.objc; path = IntegralViewController.m; sourceTree = "<group>"; };
		A035B8B521420EF500A23D0C /* RecordViewController.h */ = {isa = PBXFileReference; lastKnownFileType = sourcecode.c.h; path = RecordViewController.h; sourceTree = "<group>"; };
		A035B8B621420EF500A23D0C /* RecordViewController.m */ = {isa = PBXFileReference; lastKnownFileType = sourcecode.c.objc; path = RecordViewController.m; sourceTree = "<group>"; };
		A035B8B9214213A700A23D0C /* ModifyPWDViewController.h */ = {isa = PBXFileReference; lastKnownFileType = sourcecode.c.h; path = ModifyPWDViewController.h; sourceTree = "<group>"; };
		A035B8BA214213A700A23D0C /* ModifyPWDViewController.m */ = {isa = PBXFileReference; lastKnownFileType = sourcecode.c.objc; path = ModifyPWDViewController.m; sourceTree = "<group>"; };
		A035B8BD21421E0A00A23D0C /* AddressViewController.h */ = {isa = PBXFileReference; lastKnownFileType = sourcecode.c.h; path = AddressViewController.h; sourceTree = "<group>"; };
		A035B8BE21421E0A00A23D0C /* AddressViewController.m */ = {isa = PBXFileReference; lastKnownFileType = sourcecode.c.objc; path = AddressViewController.m; sourceTree = "<group>"; };
		A035B8C02142282F00A23D0C /* AddAddressViewController.h */ = {isa = PBXFileReference; lastKnownFileType = sourcecode.c.h; path = AddAddressViewController.h; sourceTree = "<group>"; };
		A035B8C12142282F00A23D0C /* AddAddressViewController.m */ = {isa = PBXFileReference; lastKnownFileType = sourcecode.c.objc; path = AddAddressViewController.m; sourceTree = "<group>"; };
		A035B8C42142510F00A23D0C /* PersonalViewController.h */ = {isa = PBXFileReference; lastKnownFileType = sourcecode.c.h; path = PersonalViewController.h; sourceTree = "<group>"; };
		A035B8C52142510F00A23D0C /* PersonalViewController.m */ = {isa = PBXFileReference; lastKnownFileType = sourcecode.c.objc; path = PersonalViewController.m; sourceTree = "<group>"; };
		A035B8C72142588D00A23D0C /* ConsumptionViewController.h */ = {isa = PBXFileReference; lastKnownFileType = sourcecode.c.h; path = ConsumptionViewController.h; sourceTree = "<group>"; };
		A035B8C82142588D00A23D0C /* ConsumptionViewController.m */ = {isa = PBXFileReference; lastKnownFileType = sourcecode.c.objc; path = ConsumptionViewController.m; sourceTree = "<group>"; };
		A035B8CB214259C300A23D0C /* NewsViewController.h */ = {isa = PBXFileReference; lastKnownFileType = sourcecode.c.h; path = NewsViewController.h; sourceTree = "<group>"; };
		A035B8CC214259C300A23D0C /* NewsViewController.m */ = {isa = PBXFileReference; lastKnownFileType = sourcecode.c.objc; path = NewsViewController.m; sourceTree = "<group>"; };
		A035B8CE2142639100A23D0C /* NewsDetailViewController.h */ = {isa = PBXFileReference; lastKnownFileType = sourcecode.c.h; path = NewsDetailViewController.h; sourceTree = "<group>"; };
		A035B8CF2142639100A23D0C /* NewsDetailViewController.m */ = {isa = PBXFileReference; lastKnownFileType = sourcecode.c.objc; path = NewsDetailViewController.m; sourceTree = "<group>"; };
		A035B8D1214266FA00A23D0C /* ContactViewController.h */ = {isa = PBXFileReference; lastKnownFileType = sourcecode.c.h; path = ContactViewController.h; sourceTree = "<group>"; };
		A035B8D2214266FA00A23D0C /* ContactViewController.m */ = {isa = PBXFileReference; lastKnownFileType = sourcecode.c.objc; path = ContactViewController.m; sourceTree = "<group>"; };
		A035B8D421426AC800A23D0C /* AboutUsViewController.h */ = {isa = PBXFileReference; lastKnownFileType = sourcecode.c.h; path = AboutUsViewController.h; sourceTree = "<group>"; };
		A035B8D521426AC800A23D0C /* AboutUsViewController.m */ = {isa = PBXFileReference; lastKnownFileType = sourcecode.c.objc; path = AboutUsViewController.m; sourceTree = "<group>"; };
		A035B8D821460A6B00A23D0C /* MyOrderViewController.h */ = {isa = PBXFileReference; lastKnownFileType = sourcecode.c.h; path = MyOrderViewController.h; sourceTree = "<group>"; };
		A035B8D921460A6B00A23D0C /* MyOrderViewController.m */ = {isa = PBXFileReference; lastKnownFileType = sourcecode.c.objc; path = MyOrderViewController.m; sourceTree = "<group>"; };
		A035B8DB214661EA00A23D0C /* OrderDetailViewController.h */ = {isa = PBXFileReference; lastKnownFileType = sourcecode.c.h; path = OrderDetailViewController.h; sourceTree = "<group>"; };
		A035B8DC214661EA00A23D0C /* OrderDetailViewController.m */ = {isa = PBXFileReference; lastKnownFileType = sourcecode.c.objc; path = OrderDetailViewController.m; sourceTree = "<group>"; };
		A0392B65213E65870002C48B /* yiliangzhengpin.app */ = {isa = PBXFileReference; explicitFileType = wrapper.application; includeInIndex = 0; path = yiliangzhengpin.app; sourceTree = BUILT_PRODUCTS_DIR; };
		A0392B68213E65870002C48B /* AppDelegate.h */ = {isa = PBXFileReference; lastKnownFileType = sourcecode.c.h; path = AppDelegate.h; sourceTree = "<group>"; };
		A0392B69213E65870002C48B /* AppDelegate.m */ = {isa = PBXFileReference; lastKnownFileType = sourcecode.c.objc; path = AppDelegate.m; sourceTree = "<group>"; };
		A0392B6B213E65870002C48B /* ViewController.h */ = {isa = PBXFileReference; lastKnownFileType = sourcecode.c.h; path = ViewController.h; sourceTree = "<group>"; };
		A0392B6C213E65870002C48B /* ViewController.m */ = {isa = PBXFileReference; lastKnownFileType = sourcecode.c.objc; path = ViewController.m; sourceTree = "<group>"; };
		A0392B6F213E65870002C48B /* Base */ = {isa = PBXFileReference; lastKnownFileType = file.storyboard; name = Base; path = Base.lproj/Main.storyboard; sourceTree = "<group>"; };
		A0392B71213E65890002C48B /* Assets.xcassets */ = {isa = PBXFileReference; lastKnownFileType = folder.assetcatalog; path = Assets.xcassets; sourceTree = "<group>"; };
		A0392B74213E65890002C48B /* Base */ = {isa = PBXFileReference; lastKnownFileType = file.storyboard; name = Base; path = Base.lproj/LaunchScreen.storyboard; sourceTree = "<group>"; };
		A0392B76213E65890002C48B /* Info.plist */ = {isa = PBXFileReference; lastKnownFileType = text.plist.xml; path = Info.plist; sourceTree = "<group>"; };
		A0392B77213E65890002C48B /* main.m */ = {isa = PBXFileReference; lastKnownFileType = sourcecode.c.objc; path = main.m; sourceTree = "<group>"; };
		A0392B7D213E65890002C48B /* yiliangzhengpinTests.xctest */ = {isa = PBXFileReference; explicitFileType = wrapper.cfbundle; includeInIndex = 0; path = yiliangzhengpinTests.xctest; sourceTree = BUILT_PRODUCTS_DIR; };
		A0392B81213E65890002C48B /* yiliangzhengpinTests.m */ = {isa = PBXFileReference; lastKnownFileType = sourcecode.c.objc; path = yiliangzhengpinTests.m; sourceTree = "<group>"; };
		A0392B83213E65890002C48B /* Info.plist */ = {isa = PBXFileReference; lastKnownFileType = text.plist.xml; path = Info.plist; sourceTree = "<group>"; };
		A0392B88213E65890002C48B /* yiliangzhengpinUITests.xctest */ = {isa = PBXFileReference; explicitFileType = wrapper.cfbundle; includeInIndex = 0; path = yiliangzhengpinUITests.xctest; sourceTree = BUILT_PRODUCTS_DIR; };
		A0392B8C213E65890002C48B /* yiliangzhengpinUITests.m */ = {isa = PBXFileReference; lastKnownFileType = sourcecode.c.objc; path = yiliangzhengpinUITests.m; sourceTree = "<group>"; };
		A0392B8E213E65890002C48B /* Info.plist */ = {isa = PBXFileReference; lastKnownFileType = text.plist.xml; path = Info.plist; sourceTree = "<group>"; };
		A0392B9A213E66200002C48B /* ControllerTool.h */ = {isa = PBXFileReference; fileEncoding = 4; lastKnownFileType = sourcecode.c.h; path = ControllerTool.h; sourceTree = "<group>"; };
		A0392B9B213E66200002C48B /* ControllerTool.m */ = {isa = PBXFileReference; fileEncoding = 4; lastKnownFileType = sourcecode.c.objc; path = ControllerTool.m; sourceTree = "<group>"; };
		A0392B9E213E668D0002C48B /* TabbarItem.h */ = {isa = PBXFileReference; fileEncoding = 4; lastKnownFileType = sourcecode.c.h; path = TabbarItem.h; sourceTree = "<group>"; };
		A0392B9F213E668D0002C48B /* TabbarViewController.h */ = {isa = PBXFileReference; fileEncoding = 4; lastKnownFileType = sourcecode.c.h; path = TabbarViewController.h; sourceTree = "<group>"; };
		A0392BA0213E668D0002C48B /* TabbarItem.m */ = {isa = PBXFileReference; fileEncoding = 4; lastKnownFileType = sourcecode.c.objc; path = TabbarItem.m; sourceTree = "<group>"; };
		A0392BA1213E668D0002C48B /* TabbarViewController.m */ = {isa = PBXFileReference; fileEncoding = 4; lastKnownFileType = sourcecode.c.objc; path = TabbarViewController.m; sourceTree = "<group>"; };
		A0392BA4213E66A70002C48B /* NavigationViewController.m */ = {isa = PBXFileReference; fileEncoding = 4; lastKnownFileType = sourcecode.c.objc; path = NavigationViewController.m; sourceTree = "<group>"; };
		A0392BA5213E66A70002C48B /* NavigationViewController.h */ = {isa = PBXFileReference; fileEncoding = 4; lastKnownFileType = sourcecode.c.h; path = NavigationViewController.h; sourceTree = "<group>"; };
		A0392BA7213E66CF0002C48B /* Header.h */ = {isa = PBXFileReference; lastKnownFileType = sourcecode.c.h; path = Header.h; sourceTree = "<group>"; };
		A0392BAC213E69870002C48B /* HomeViewController.h */ = {isa = PBXFileReference; lastKnownFileType = sourcecode.c.h; path = HomeViewController.h; sourceTree = "<group>"; };
		A0392BAD213E69870002C48B /* HomeViewController.m */ = {isa = PBXFileReference; lastKnownFileType = sourcecode.c.objc; path = HomeViewController.m; sourceTree = "<group>"; };
		A0392BAF213E69940002C48B /* ClassificationViewController.h */ = {isa = PBXFileReference; lastKnownFileType = sourcecode.c.h; path = ClassificationViewController.h; sourceTree = "<group>"; };
		A0392BB0213E69940002C48B /* ClassificationViewController.m */ = {isa = PBXFileReference; lastKnownFileType = sourcecode.c.objc; path = ClassificationViewController.m; sourceTree = "<group>"; };
		A0392BB2213E69A00002C48B /* FindViewController.h */ = {isa = PBXFileReference; lastKnownFileType = sourcecode.c.h; path = FindViewController.h; sourceTree = "<group>"; };
		A0392BB3213E69A00002C48B /* FindViewController.m */ = {isa = PBXFileReference; lastKnownFileType = sourcecode.c.objc; path = FindViewController.m; sourceTree = "<group>"; };
		A0392BB5213E69AA0002C48B /* MineViewController.h */ = {isa = PBXFileReference; lastKnownFileType = sourcecode.c.h; path = MineViewController.h; sourceTree = "<group>"; };
		A0392BB6213E69AA0002C48B /* MineViewController.m */ = {isa = PBXFileReference; lastKnownFileType = sourcecode.c.objc; path = MineViewController.m; sourceTree = "<group>"; };
		A0392BB8213E6BFA0002C48B /* UIBarButtonItem+CustomButtonItem.h */ = {isa = PBXFileReference; fileEncoding = 4; lastKnownFileType = sourcecode.c.h; path = "UIBarButtonItem+CustomButtonItem.h"; sourceTree = "<group>"; };
		A0392BB9213E6BFA0002C48B /* UIBarButtonItem+CustomButtonItem.m */ = {isa = PBXFileReference; fileEncoding = 4; lastKnownFileType = sourcecode.c.objc; path = "UIBarButtonItem+CustomButtonItem.m"; sourceTree = "<group>"; };
		A0392BBC213F75E50002C48B /* SDCycleScrollView.h */ = {isa = PBXFileReference; fileEncoding = 4; lastKnownFileType = sourcecode.c.h; path = SDCycleScrollView.h; sourceTree = "<group>"; };
		A0392BBD213F75E50002C48B /* SDCycleScrollView.m */ = {isa = PBXFileReference; fileEncoding = 4; lastKnownFileType = sourcecode.c.objc; path = SDCycleScrollView.m; sourceTree = "<group>"; };
		A0392BBF213F76160002C48B /* SDCollectionViewCell.m */ = {isa = PBXFileReference; fileEncoding = 4; lastKnownFileType = sourcecode.c.objc; path = SDCollectionViewCell.m; sourceTree = "<group>"; };
		A0392BC0213F76160002C48B /* SDCollectionViewCell.h */ = {isa = PBXFileReference; fileEncoding = 4; lastKnownFileType = sourcecode.c.h; path = SDCollectionViewCell.h; sourceTree = "<group>"; };
		A0392BC2213F762A0002C48B /* UIView+SDExtension.h */ = {isa = PBXFileReference; fileEncoding = 4; lastKnownFileType = sourcecode.c.h; path = "UIView+SDExtension.h"; sourceTree = "<group>"; };
		A0392BC3213F762A0002C48B /* UIView+SDExtension.m */ = {isa = PBXFileReference; fileEncoding = 4; lastKnownFileType = sourcecode.c.objc; path = "UIView+SDExtension.m"; sourceTree = "<group>"; };
		A0392BC6213F76540002C48B /* TAAbstractDotView.h */ = {isa = PBXFileReference; fileEncoding = 4; lastKnownFileType = sourcecode.c.h; path = TAAbstractDotView.h; sourceTree = "<group>"; };
		A0392BC7213F76540002C48B /* TADotView.m */ = {isa = PBXFileReference; fileEncoding = 4; lastKnownFileType = sourcecode.c.objc; path = TADotView.m; sourceTree = "<group>"; };
		A0392BC8213F76540002C48B /* TAPageControl.m */ = {isa = PBXFileReference; fileEncoding = 4; lastKnownFileType = sourcecode.c.objc; path = TAPageControl.m; sourceTree = "<group>"; };
		A0392BC9213F76540002C48B /* TAAnimatedDotView.m */ = {isa = PBXFileReference; fileEncoding = 4; lastKnownFileType = sourcecode.c.objc; path = TAAnimatedDotView.m; sourceTree = "<group>"; };
		A0392BCA213F76540002C48B /* TAAbstractDotView.m */ = {isa = PBXFileReference; fileEncoding = 4; lastKnownFileType = sourcecode.c.objc; path = TAAbstractDotView.m; sourceTree = "<group>"; };
		A0392BCB213F76540002C48B /* TADotView.h */ = {isa = PBXFileReference; fileEncoding = 4; lastKnownFileType = sourcecode.c.h; path = TADotView.h; sourceTree = "<group>"; };
		A0392BCC213F76540002C48B /* TAAnimatedDotView.h */ = {isa = PBXFileReference; fileEncoding = 4; lastKnownFileType = sourcecode.c.h; path = TAAnimatedDotView.h; sourceTree = "<group>"; };
		A0392BCD213F76540002C48B /* TAPageControl.h */ = {isa = PBXFileReference; fileEncoding = 4; lastKnownFileType = sourcecode.c.h; path = TAPageControl.h; sourceTree = "<group>"; };
		A0392BCF213F76550002C48B /* UIImage+WebP.m */ = {isa = PBXFileReference; fileEncoding = 4; lastKnownFileType = sourcecode.c.objc; path = "UIImage+WebP.m"; sourceTree = "<group>"; };
		A0392BD0213F76550002C48B /* MKAnnotationView+WebCache.m */ = {isa = PBXFileReference; fileEncoding = 4; lastKnownFileType = sourcecode.c.objc; path = "MKAnnotationView+WebCache.m"; sourceTree = "<group>"; };
		A0392BD1213F76550002C48B /* UIImageView+WebCache.h */ = {isa = PBXFileReference; fileEncoding = 4; lastKnownFileType = sourcecode.c.h; path = "UIImageView+WebCache.h"; sourceTree = "<group>"; };
		A0392BD2213F76550002C48B /* NSData+ImageContentType.h */ = {isa = PBXFileReference; fileEncoding = 4; lastKnownFileType = sourcecode.c.h; path = "NSData+ImageContentType.h"; sourceTree = "<group>"; };
		A0392BD3213F76550002C48B /* SDWebImageManager.m */ = {isa = PBXFileReference; fileEncoding = 4; lastKnownFileType = sourcecode.c.objc; path = SDWebImageManager.m; sourceTree = "<group>"; };
		A0392BD4213F76550002C48B /* SDWebImageDecoder.m */ = {isa = PBXFileReference; fileEncoding = 4; lastKnownFileType = sourcecode.c.objc; path = SDWebImageDecoder.m; sourceTree = "<group>"; };
		A0392BD5213F76550002C48B /* SDWebImageDownloaderOperation.h */ = {isa = PBXFileReference; fileEncoding = 4; lastKnownFileType = sourcecode.c.h; path = SDWebImageDownloaderOperation.h; sourceTree = "<group>"; };
		A0392BD6213F76550002C48B /* UIImageView+HighlightedWebCache.m */ = {isa = PBXFileReference; fileEncoding = 4; lastKnownFileType = sourcecode.c.objc; path = "UIImageView+HighlightedWebCache.m"; sourceTree = "<group>"; };
		A0392BD7213F76550002C48B /* SDImageCache.h */ = {isa = PBXFileReference; fileEncoding = 4; lastKnownFileType = sourcecode.c.h; path = SDImageCache.h; sourceTree = "<group>"; };
		A0392BD8213F76550002C48B /* SDWebImageDownloader.m */ = {isa = PBXFileReference; fileEncoding = 4; lastKnownFileType = sourcecode.c.objc; path = SDWebImageDownloader.m; sourceTree = "<group>"; };
		A0392BD9213F76550002C48B /* UIImage+GIF.m */ = {isa = PBXFileReference; fileEncoding = 4; lastKnownFileType = sourcecode.c.objc; path = "UIImage+GIF.m"; sourceTree = "<group>"; };
		A0392BDA213F76550002C48B /* UIButton+WebCache.h */ = {isa = PBXFileReference; fileEncoding = 4; lastKnownFileType = sourcecode.c.h; path = "UIButton+WebCache.h"; sourceTree = "<group>"; };
		A0392BDB213F76550002C48B /* UIImage+MultiFormat.m */ = {isa = PBXFileReference; fileEncoding = 4; lastKnownFileType = sourcecode.c.objc; path = "UIImage+MultiFormat.m"; sourceTree = "<group>"; };
		A0392BDC213F76550002C48B /* SDWebImageCompat.m */ = {isa = PBXFileReference; fileEncoding = 4; lastKnownFileType = sourcecode.c.objc; path = SDWebImageCompat.m; sourceTree = "<group>"; };
		A0392BDD213F76550002C48B /* SDWebImagePrefetcher.m */ = {isa = PBXFileReference; fileEncoding = 4; lastKnownFileType = sourcecode.c.objc; path = SDWebImagePrefetcher.m; sourceTree = "<group>"; };
		A0392BDE213F76550002C48B /* UIView+WebCacheOperation.h */ = {isa = PBXFileReference; fileEncoding = 4; lastKnownFileType = sourcecode.c.h; path = "UIView+WebCacheOperation.h"; sourceTree = "<group>"; };
		A0392BDF213F76550002C48B /* MKAnnotationView+WebCache.h */ = {isa = PBXFileReference; fileEncoding = 4; lastKnownFileType = sourcecode.c.h; path = "MKAnnotationView+WebCache.h"; sourceTree = "<group>"; };
		A0392BE0213F76550002C48B /* UIImage+WebP.h */ = {isa = PBXFileReference; fileEncoding = 4; lastKnownFileType = sourcecode.c.h; path = "UIImage+WebP.h"; sourceTree = "<group>"; };
		A0392BE1213F76550002C48B /* SDImageCache.m */ = {isa = PBXFileReference; fileEncoding = 4; lastKnownFileType = sourcecode.c.objc; path = SDImageCache.m; sourceTree = "<group>"; };
		A0392BE2213F76550002C48B /* UIImageView+HighlightedWebCache.h */ = {isa = PBXFileReference; fileEncoding = 4; lastKnownFileType = sourcecode.c.h; path = "UIImageView+HighlightedWebCache.h"; sourceTree = "<group>"; };
		A0392BE3213F76550002C48B /* SDWebImageDownloaderOperation.m */ = {isa = PBXFileReference; fileEncoding = 4; lastKnownFileType = sourcecode.c.objc; path = SDWebImageDownloaderOperation.m; sourceTree = "<group>"; };
		A0392BE4213F76550002C48B /* SDWebImageDecoder.h */ = {isa = PBXFileReference; fileEncoding = 4; lastKnownFileType = sourcecode.c.h; path = SDWebImageDecoder.h; sourceTree = "<group>"; };
		A0392BE5213F76550002C48B /* SDWebImageManager.h */ = {isa = PBXFileReference; fileEncoding = 4; lastKnownFileType = sourcecode.c.h; path = SDWebImageManager.h; sourceTree = "<group>"; };
		A0392BE6213F76550002C48B /* NSData+ImageContentType.m */ = {isa = PBXFileReference; fileEncoding = 4; lastKnownFileType = sourcecode.c.objc; path = "NSData+ImageContentType.m"; sourceTree = "<group>"; };
		A0392BE7213F76550002C48B /* UIImageView+WebCache.m */ = {isa = PBXFileReference; fileEncoding = 4; lastKnownFileType = sourcecode.c.objc; path = "UIImageView+WebCache.m"; sourceTree = "<group>"; };
		A0392BE8213F76550002C48B /* SDWebImageOperation.h */ = {isa = PBXFileReference; fileEncoding = 4; lastKnownFileType = sourcecode.c.h; path = SDWebImageOperation.h; sourceTree = "<group>"; };
		A0392BE9213F76550002C48B /* SDWebImageDownloader.h */ = {isa = PBXFileReference; fileEncoding = 4; lastKnownFileType = sourcecode.c.h; path = SDWebImageDownloader.h; sourceTree = "<group>"; };
		A0392BEA213F76550002C48B /* UIView+WebCacheOperation.m */ = {isa = PBXFileReference; fileEncoding = 4; lastKnownFileType = sourcecode.c.objc; path = "UIView+WebCacheOperation.m"; sourceTree = "<group>"; };
		A0392BEB213F76550002C48B /* SDWebImagePrefetcher.h */ = {isa = PBXFileReference; fileEncoding = 4; lastKnownFileType = sourcecode.c.h; path = SDWebImagePrefetcher.h; sourceTree = "<group>"; };
		A0392BEC213F76550002C48B /* SDWebImageCompat.h */ = {isa = PBXFileReference; fileEncoding = 4; lastKnownFileType = sourcecode.c.h; path = SDWebImageCompat.h; sourceTree = "<group>"; };
		A0392BED213F76550002C48B /* UIImage+MultiFormat.h */ = {isa = PBXFileReference; fileEncoding = 4; lastKnownFileType = sourcecode.c.h; path = "UIImage+MultiFormat.h"; sourceTree = "<group>"; };
		A0392BEE213F76550002C48B /* UIButton+WebCache.m */ = {isa = PBXFileReference; fileEncoding = 4; lastKnownFileType = sourcecode.c.objc; path = "UIButton+WebCache.m"; sourceTree = "<group>"; };
		A0392BEF213F76550002C48B /* UIImage+GIF.h */ = {isa = PBXFileReference; fileEncoding = 4; lastKnownFileType = sourcecode.c.h; path = "UIImage+GIF.h"; sourceTree = "<group>"; };
		A0392C04213F77C10002C48B /* UIViewExt.h */ = {isa = PBXFileReference; fileEncoding = 4; lastKnownFileType = sourcecode.c.h; path = UIViewExt.h; sourceTree = "<group>"; };
		A0392C05213F77C10002C48B /* UIViewExt.m */ = {isa = PBXFileReference; fileEncoding = 4; lastKnownFileType = sourcecode.c.objc; path = UIViewExt.m; sourceTree = "<group>"; };
		A0392C0A213FACDF0002C48B /* HomeCollectionViewCell.h */ = {isa = PBXFileReference; lastKnownFileType = sourcecode.c.h; path = HomeCollectionViewCell.h; sourceTree = "<group>"; };
		A0392C0B213FACDF0002C48B /* HomeCollectionViewCell.m */ = {isa = PBXFileReference; lastKnownFileType = sourcecode.c.objc; path = HomeCollectionViewCell.m; sourceTree = "<group>"; };
		A0392C0C213FACDF0002C48B /* HomeCollectionViewCell.xib */ = {isa = PBXFileReference; lastKnownFileType = file.xib; path = HomeCollectionViewCell.xib; sourceTree = "<group>"; };
/* End PBXFileReference section */

/* Begin PBXFrameworksBuildPhase section */
		A0392B62213E65870002C48B /* Frameworks */ = {
			isa = PBXFrameworksBuildPhase;
			buildActionMask = 2147483647;
			files = (
			);
			runOnlyForDeploymentPostprocessing = 0;
		};
		A0392B7A213E65890002C48B /* Frameworks */ = {
			isa = PBXFrameworksBuildPhase;
			buildActionMask = 2147483647;
			files = (
			);
			runOnlyForDeploymentPostprocessing = 0;
		};
		A0392B85213E65890002C48B /* Frameworks */ = {
			isa = PBXFrameworksBuildPhase;
			buildActionMask = 2147483647;
			files = (
			);
			runOnlyForDeploymentPostprocessing = 0;
		};
/* End PBXFrameworksBuildPhase section */

/* Begin PBXGroup section */
		A035B8AD214124E300A23D0C /* setup */ = {
			isa = PBXGroup;
			children = (
				A035B8AE2141250900A23D0C /* SetUpViewController.h */,
				A035B8AF2141250900A23D0C /* SetUpViewController.m */,
				A035B8D1214266FA00A23D0C /* ContactViewController.h */,
				A035B8D2214266FA00A23D0C /* ContactViewController.m */,
				A035B8D421426AC800A23D0C /* AboutUsViewController.h */,
				A035B8D521426AC800A23D0C /* AboutUsViewController.m */,
			);
			path = setup;
			sourceTree = "<group>";
		};
		A035B8B12142081C00A23D0C /* Integral */ = {
			isa = PBXGroup;
			children = (
				A035B8B22142089600A23D0C /* IntegralViewController.h */,
				A035B8B32142089600A23D0C /* IntegralViewController.m */,
				A035B8B521420EF500A23D0C /* RecordViewController.h */,
				A035B8B621420EF500A23D0C /* RecordViewController.m */,
			);
			path = Integral;
			sourceTree = "<group>";
		};
		A035B8B82142137D00A23D0C /* PWD */ = {
			isa = PBXGroup;
			children = (
				A035B8B9214213A700A23D0C /* ModifyPWDViewController.h */,
				A035B8BA214213A700A23D0C /* ModifyPWDViewController.m */,
				A035B8B12142081C00A23D0C /* Integral */,
			);
			path = PWD;
			sourceTree = "<group>";
		};
		A035B8BC21421DD600A23D0C /* Address */ = {
			isa = PBXGroup;
			children = (
				A035B8BD21421E0A00A23D0C /* AddressViewController.h */,
				A035B8BE21421E0A00A23D0C /* AddressViewController.m */,
				A035B8C02142282F00A23D0C /* AddAddressViewController.h */,
				A035B8C12142282F00A23D0C /* AddAddressViewController.m */,
			);
			path = Address;
			sourceTree = "<group>";
		};
		A035B8C3214250FF00A23D0C /* Personal Data */ = {
			isa = PBXGroup;
			children = (
				A035B8C42142510F00A23D0C /* PersonalViewController.h */,
				A035B8C52142510F00A23D0C /* PersonalViewController.m */,
				A035B8C72142588D00A23D0C /* ConsumptionViewController.h */,
				A035B8C82142588D00A23D0C /* ConsumptionViewController.m */,
			);
			path = "Personal Data";
			sourceTree = "<group>";
		};
		A035B8CA214259AD00A23D0C /* News */ = {
			isa = PBXGroup;
			children = (
				A035B8CB214259C300A23D0C /* NewsViewController.h */,
				A035B8CC214259C300A23D0C /* NewsViewController.m */,
				A035B8CE2142639100A23D0C /* NewsDetailViewController.h */,
				A035B8CF2142639100A23D0C /* NewsDetailViewController.m */,
			);
			path = News;
			sourceTree = "<group>";
		};
		A035B8D721460A3F00A23D0C /* Order */ = {
			isa = PBXGroup;
			children = (
				A035B8D821460A6B00A23D0C /* MyOrderViewController.h */,
				A035B8D921460A6B00A23D0C /* MyOrderViewController.m */,
				A035B8DB214661EA00A23D0C /* OrderDetailViewController.h */,
				A035B8DC214661EA00A23D0C /* OrderDetailViewController.m */,
			);
			path = Order;
			sourceTree = "<group>";
		};
		A0392B5C213E65870002C48B = {
			isa = PBXGroup;
			children = (
				A0392B67213E65870002C48B /* yiliangzhengpin */,
				A0392B80213E65890002C48B /* yiliangzhengpinTests */,
				A0392B8B213E65890002C48B /* yiliangzhengpinUITests */,
				A0392B66213E65870002C48B /* Products */,
			);
			sourceTree = "<group>";
		};
		A0392B66213E65870002C48B /* Products */ = {
			isa = PBXGroup;
			children = (
				A0392B65213E65870002C48B /* yiliangzhengpin.app */,
				A0392B7D213E65890002C48B /* yiliangzhengpinTests.xctest */,
				A0392B88213E65890002C48B /* yiliangzhengpinUITests.xctest */,
			);
			name = Products;
			sourceTree = "<group>";
		};
		A0392B67213E65870002C48B /* yiliangzhengpin */ = {
			isa = PBXGroup;
			children = (
				A0392B68213E65870002C48B /* AppDelegate.h */,
				A0392B69213E65870002C48B /* AppDelegate.m */,
				A0392B9A213E66200002C48B /* ControllerTool.h */,
				A0392B9B213E66200002C48B /* ControllerTool.m */,
				A0392BAB213E68F70002C48B /* Home */,
				A0392BAA213E68F40002C48B /* Classification */,
				A0392BA9213E68F00002C48B /* Find */,
				A0392BA8213E68ED0002C48B /* Mine */,
				A0392B9D213E66800002C48B /* BASE */,
				A0392B6B213E65870002C48B /* ViewController.h */,
				A0392B6C213E65870002C48B /* ViewController.m */,
				A0392BA7213E66CF0002C48B /* Header.h */,
				A0392B6E213E65870002C48B /* Main.storyboard */,
				A0392B71213E65890002C48B /* Assets.xcassets */,
				A0392B73213E65890002C48B /* LaunchScreen.storyboard */,
				A0392B76213E65890002C48B /* Info.plist */,
				A0392B77213E65890002C48B /* main.m */,
			);
			path = yiliangzhengpin;
			sourceTree = "<group>";
		};
		A0392B80213E65890002C48B /* yiliangzhengpinTests */ = {
			isa = PBXGroup;
			children = (
				A0392B81213E65890002C48B /* yiliangzhengpinTests.m */,
				A0392B83213E65890002C48B /* Info.plist */,
			);
			path = yiliangzhengpinTests;
			sourceTree = "<group>";
		};
		A0392B8B213E65890002C48B /* yiliangzhengpinUITests */ = {
			isa = PBXGroup;
			children = (
				A0392B8C213E65890002C48B /* yiliangzhengpinUITests.m */,
				A0392B8E213E65890002C48B /* Info.plist */,
			);
			path = yiliangzhengpinUITests;
			sourceTree = "<group>";
		};
		A0392B9D213E66800002C48B /* BASE */ = {
			isa = PBXGroup;
			children = (
				A0392BBB213F75D60002C48B /* expan */,
				A0392B9E213E668D0002C48B /* TabbarItem.h */,
				A0392BA0213E668D0002C48B /* TabbarItem.m */,
				A0392B9F213E668D0002C48B /* TabbarViewController.h */,
				A0392BA1213E668D0002C48B /* TabbarViewController.m */,
				A0392BA5213E66A70002C48B /* NavigationViewController.h */,
				A0392BA4213E66A70002C48B /* NavigationViewController.m */,
				A0392BB8213E6BFA0002C48B /* UIBarButtonItem+CustomButtonItem.h */,
				A0392BB9213E6BFA0002C48B /* UIBarButtonItem+CustomButtonItem.m */,
				A0392C04213F77C10002C48B /* UIViewExt.h */,
				A0392C05213F77C10002C48B /* UIViewExt.m */,
				A035B8AB2140D79200A23D0C /* WZHObject.h */,
				A035B8AA2140D79200A23D0C /* WZHObject.m */,
			);
			path = BASE;
			sourceTree = "<group>";
		};
		A0392BA8213E68ED0002C48B /* Mine */ = {
			isa = PBXGroup;
			children = (
				A035B8D721460A3F00A23D0C /* Order */,
				A035B8CA214259AD00A23D0C /* News */,
				A035B8C3214250FF00A23D0C /* Personal Data */,
				A035B8BC21421DD600A23D0C /* Address */,
				A035B8B82142137D00A23D0C /* PWD */,
				A035B8AD214124E300A23D0C /* setup */,
				A0392BB5213E69AA0002C48B /* MineViewController.h */,
				A0392BB6213E69AA0002C48B /* MineViewController.m */,
			);
			path = Mine;
			sourceTree = "<group>";
		};
		A0392BA9213E68F00002C48B /* Find */ = {
			isa = PBXGroup;
			children = (
				A0392BB2213E69A00002C48B /* FindViewController.h */,
				A0392BB3213E69A00002C48B /* FindViewController.m */,
			);
			path = Find;
			sourceTree = "<group>";
		};
		A0392BAA213E68F40002C48B /* Classification */ = {
			isa = PBXGroup;
			children = (
				A0392BAF213E69940002C48B /* ClassificationViewController.h */,
				A0392BB0213E69940002C48B /* ClassificationViewController.m */,
			);
			path = Classification;
			sourceTree = "<group>";
		};
		A0392BAB213E68F70002C48B /* Home */ = {
			isa = PBXGroup;
			children = (
				A0392C09213FAC650002C48B /* Model */,
				A0392C08213FAC610002C48B /* View */,
				A0392C07213FAC5D0002C48B /* Controller */,
			);
			path = Home;
			sourceTree = "<group>";
		};
		A0392BBB213F75D60002C48B /* expan */ = {
			isa = PBXGroup;
			children = (
				A0392BC5213F76540002C48B /* PageControl */,
				A0392BCE213F76550002C48B /* SDWebImage */,
				A0392BC0213F76160002C48B /* SDCollectionViewCell.h */,
				A0392BBF213F76160002C48B /* SDCollectionViewCell.m */,
				A0392BBC213F75E50002C48B /* SDCycleScrollView.h */,
				A0392BBD213F75E50002C48B /* SDCycleScrollView.m */,
				A0392BC2213F762A0002C48B /* UIView+SDExtension.h */,
				A0392BC3213F762A0002C48B /* UIView+SDExtension.m */,
			);
			path = expan;
			sourceTree = "<group>";
		};
		A0392BC5213F76540002C48B /* PageControl */ = {
			isa = PBXGroup;
			children = (
				A0392BC6213F76540002C48B /* TAAbstractDotView.h */,
				A0392BC7213F76540002C48B /* TADotView.m */,
				A0392BC8213F76540002C48B /* TAPageControl.m */,
				A0392BC9213F76540002C48B /* TAAnimatedDotView.m */,
				A0392BCA213F76540002C48B /* TAAbstractDotView.m */,
				A0392BCB213F76540002C48B /* TADotView.h */,
				A0392BCC213F76540002C48B /* TAAnimatedDotView.h */,
				A0392BCD213F76540002C48B /* TAPageControl.h */,
			);
			path = PageControl;
			sourceTree = "<group>";
		};
		A0392BCE213F76550002C48B /* SDWebImage */ = {
			isa = PBXGroup;
			children = (
				A0392BCF213F76550002C48B /* UIImage+WebP.m */,
				A0392BD0213F76550002C48B /* MKAnnotationView+WebCache.m */,
				A0392BD1213F76550002C48B /* UIImageView+WebCache.h */,
				A0392BD2213F76550002C48B /* NSData+ImageContentType.h */,
				A0392BD3213F76550002C48B /* SDWebImageManager.m */,
				A0392BD4213F76550002C48B /* SDWebImageDecoder.m */,
				A0392BD5213F76550002C48B /* SDWebImageDownloaderOperation.h */,
				A0392BD6213F76550002C48B /* UIImageView+HighlightedWebCache.m */,
				A0392BD7213F76550002C48B /* SDImageCache.h */,
				A0392BD8213F76550002C48B /* SDWebImageDownloader.m */,
				A0392BD9213F76550002C48B /* UIImage+GIF.m */,
				A0392BDA213F76550002C48B /* UIButton+WebCache.h */,
				A0392BDB213F76550002C48B /* UIImage+MultiFormat.m */,
				A0392BDC213F76550002C48B /* SDWebImageCompat.m */,
				A0392BDD213F76550002C48B /* SDWebImagePrefetcher.m */,
				A0392BDE213F76550002C48B /* UIView+WebCacheOperation.h */,
				A0392BDF213F76550002C48B /* MKAnnotationView+WebCache.h */,
				A0392BE0213F76550002C48B /* UIImage+WebP.h */,
				A0392BE1213F76550002C48B /* SDImageCache.m */,
				A0392BE2213F76550002C48B /* UIImageView+HighlightedWebCache.h */,
				A0392BE3213F76550002C48B /* SDWebImageDownloaderOperation.m */,
				A0392BE4213F76550002C48B /* SDWebImageDecoder.h */,
				A0392BE5213F76550002C48B /* SDWebImageManager.h */,
				A0392BE6213F76550002C48B /* NSData+ImageContentType.m */,
				A0392BE7213F76550002C48B /* UIImageView+WebCache.m */,
				A0392BE8213F76550002C48B /* SDWebImageOperation.h */,
				A0392BE9213F76550002C48B /* SDWebImageDownloader.h */,
				A0392BEA213F76550002C48B /* UIView+WebCacheOperation.m */,
				A0392BEB213F76550002C48B /* SDWebImagePrefetcher.h */,
				A0392BEC213F76550002C48B /* SDWebImageCompat.h */,
				A0392BED213F76550002C48B /* UIImage+MultiFormat.h */,
				A0392BEE213F76550002C48B /* UIButton+WebCache.m */,
				A0392BEF213F76550002C48B /* UIImage+GIF.h */,
			);
			path = SDWebImage;
			sourceTree = "<group>";
		};
		A0392C07213FAC5D0002C48B /* Controller */ = {
			isa = PBXGroup;
			children = (
				A0392BAC213E69870002C48B /* HomeViewController.h */,
				A0392BAD213E69870002C48B /* HomeViewController.m */,
			);
			path = Controller;
			sourceTree = "<group>";
		};
		A0392C08213FAC610002C48B /* View */ = {
			isa = PBXGroup;
			children = (
				A0392C0A213FACDF0002C48B /* HomeCollectionViewCell.h */,
				A0392C0B213FACDF0002C48B /* HomeCollectionViewCell.m */,
				A0392C0C213FACDF0002C48B /* HomeCollectionViewCell.xib */,
			);
			path = View;
			sourceTree = "<group>";
		};
		A0392C09213FAC650002C48B /* Model */ = {
			isa = PBXGroup;
			children = (
			);
			path = Model;
			sourceTree = "<group>";
		};
/* End PBXGroup section */

/* Begin PBXNativeTarget section */
		A0392B64213E65870002C48B /* yiliangzhengpin */ = {
			isa = PBXNativeTarget;
			buildConfigurationList = A0392B91213E65890002C48B /* Build configuration list for PBXNativeTarget "yiliangzhengpin" */;
			buildPhases = (
				A0392B61213E65870002C48B /* Sources */,
				A0392B62213E65870002C48B /* Frameworks */,
				A0392B63213E65870002C48B /* Resources */,
			);
			buildRules = (
			);
			dependencies = (
			);
			name = yiliangzhengpin;
			productName = yiliangzhengpin;
			productReference = A0392B65213E65870002C48B /* yiliangzhengpin.app */;
			productType = "com.apple.product-type.application";
		};
		A0392B7C213E65890002C48B /* yiliangzhengpinTests */ = {
			isa = PBXNativeTarget;
			buildConfigurationList = A0392B94213E65890002C48B /* Build configuration list for PBXNativeTarget "yiliangzhengpinTests" */;
			buildPhases = (
				A0392B79213E65890002C48B /* Sources */,
				A0392B7A213E65890002C48B /* Frameworks */,
				A0392B7B213E65890002C48B /* Resources */,
			);
			buildRules = (
			);
			dependencies = (
				A0392B7F213E65890002C48B /* PBXTargetDependency */,
			);
			name = yiliangzhengpinTests;
			productName = yiliangzhengpinTests;
			productReference = A0392B7D213E65890002C48B /* yiliangzhengpinTests.xctest */;
			productType = "com.apple.product-type.bundle.unit-test";
		};
		A0392B87213E65890002C48B /* yiliangzhengpinUITests */ = {
			isa = PBXNativeTarget;
			buildConfigurationList = A0392B97213E65890002C48B /* Build configuration list for PBXNativeTarget "yiliangzhengpinUITests" */;
			buildPhases = (
				A0392B84213E65890002C48B /* Sources */,
				A0392B85213E65890002C48B /* Frameworks */,
				A0392B86213E65890002C48B /* Resources */,
			);
			buildRules = (
			);
			dependencies = (
				A0392B8A213E65890002C48B /* PBXTargetDependency */,
			);
			name = yiliangzhengpinUITests;
			productName = yiliangzhengpinUITests;
			productReference = A0392B88213E65890002C48B /* yiliangzhengpinUITests.xctest */;
			productType = "com.apple.product-type.bundle.ui-testing";
		};
/* End PBXNativeTarget section */

/* Begin PBXProject section */
		A0392B5D213E65870002C48B /* Project object */ = {
			isa = PBXProject;
			attributes = {
				LastUpgradeCheck = 0940;
				ORGANIZATIONNAME = "吴祖辉";
				TargetAttributes = {
					A0392B64213E65870002C48B = {
						CreatedOnToolsVersion = 9.4.1;
					};
					A0392B7C213E65890002C48B = {
						CreatedOnToolsVersion = 9.4.1;
						TestTargetID = A0392B64213E65870002C48B;
					};
					A0392B87213E65890002C48B = {
						CreatedOnToolsVersion = 9.4.1;
						TestTargetID = A0392B64213E65870002C48B;
					};
				};
			};
			buildConfigurationList = A0392B60213E65870002C48B /* Build configuration list for PBXProject "yiliangzhengpin" */;
			compatibilityVersion = "Xcode 9.3";
			developmentRegion = en;
			hasScannedForEncodings = 0;
			knownRegions = (
				en,
				Base,
			);
			mainGroup = A0392B5C213E65870002C48B;
			productRefGroup = A0392B66213E65870002C48B /* Products */;
			projectDirPath = "";
			projectRoot = "";
			targets = (
				A0392B64213E65870002C48B /* yiliangzhengpin */,
				A0392B7C213E65890002C48B /* yiliangzhengpinTests */,
				A0392B87213E65890002C48B /* yiliangzhengpinUITests */,
			);
		};
/* End PBXProject section */

/* Begin PBXResourcesBuildPhase section */
		A0392B63213E65870002C48B /* Resources */ = {
			isa = PBXResourcesBuildPhase;
			buildActionMask = 2147483647;
			files = (
				A0392B75213E65890002C48B /* LaunchScreen.storyboard in Resources */,
				A0392B72213E65890002C48B /* Assets.xcassets in Resources */,
				A0392B70213E65870002C48B /* Main.storyboard in Resources */,
				A0392C0E213FACDF0002C48B /* HomeCollectionViewCell.xib in Resources */,
			);
			runOnlyForDeploymentPostprocessing = 0;
		};
		A0392B7B213E65890002C48B /* Resources */ = {
			isa = PBXResourcesBuildPhase;
			buildActionMask = 2147483647;
			files = (
			);
			runOnlyForDeploymentPostprocessing = 0;
		};
		A0392B86213E65890002C48B /* Resources */ = {
			isa = PBXResourcesBuildPhase;
			buildActionMask = 2147483647;
			files = (
			);
			runOnlyForDeploymentPostprocessing = 0;
		};
/* End PBXResourcesBuildPhase section */

/* Begin PBXSourcesBuildPhase section */
		A0392B61213E65870002C48B /* Sources */ = {
			isa = PBXSourcesBuildPhase;
			buildActionMask = 2147483647;
			files = (
				A035B8D621426AC800A23D0C /* AboutUsViewController.m in Sources */,
				A035B8D3214266FA00A23D0C /* ContactViewController.m in Sources */,
				A0392C02213F76550002C48B /* UIView+WebCacheOperation.m in Sources */,
				A0392BFA213F76550002C48B /* UIImage+GIF.m in Sources */,
				A035B8DD214661EA00A23D0C /* OrderDetailViewController.m in Sources */,
				A0392B6D213E65870002C48B /* ViewController.m in Sources */,
				A0392BF6213F76550002C48B /* SDWebImageManager.m in Sources */,
				A035B8D02142639100A23D0C /* NewsDetailViewController.m in Sources */,
				A0392C06213F77C10002C48B /* UIViewExt.m in Sources */,
				A0392BFD213F76550002C48B /* SDWebImagePrefetcher.m in Sources */,
				A0392B9C213E66200002C48B /* ControllerTool.m in Sources */,
				A035B8B02141250900A23D0C /* SetUpViewController.m in Sources */,
				A0392BA6213E66A70002C48B /* NavigationViewController.m in Sources */,
				A035B8BF21421E0A00A23D0C /* AddressViewController.m in Sources */,
				A0392C03213F76550002C48B /* UIButton+WebCache.m in Sources */,
				A0392BFC213F76550002C48B /* SDWebImageCompat.m in Sources */,
				A0392BA3213E668D0002C48B /* TabbarViewController.m in Sources */,
				A0392BF7213F76550002C48B /* SDWebImageDecoder.m in Sources */,
				A0392BFB213F76550002C48B /* UIImage+MultiFormat.m in Sources */,
				A035B8CD214259C300A23D0C /* NewsViewController.m in Sources */,
				A0392BF3213F76550002C48B /* TAAbstractDotView.m in Sources */,
				A0392C01213F76550002C48B /* UIImageView+WebCache.m in Sources */,
				A035B8BB214213A700A23D0C /* ModifyPWDViewController.m in Sources */,
				A035B8C62142510F00A23D0C /* PersonalViewController.m in Sources */,
				A0392BBE213F75E50002C48B /* SDCycleScrollView.m in Sources */,
				A0392BBA213E6BFB0002C48B /* UIBarButtonItem+CustomButtonItem.m in Sources */,
				A0392BF4213F76550002C48B /* UIImage+WebP.m in Sources */,
				A035B8AC2140D79300A23D0C /* WZHObject.m in Sources */,
				A035B8DA21460A6B00A23D0C /* MyOrderViewController.m in Sources */,
				A0392BFF213F76550002C48B /* SDWebImageDownloaderOperation.m in Sources */,
				A0392BA2213E668D0002C48B /* TabbarItem.m in Sources */,
				A0392BB7213E69AA0002C48B /* MineViewController.m in Sources */,
				A0392BF2213F76550002C48B /* TAAnimatedDotView.m in Sources */,
				A035B8B42142089700A23D0C /* IntegralViewController.m in Sources */,
				A0392BF5213F76550002C48B /* MKAnnotationView+WebCache.m in Sources */,
				A0392BF9213F76550002C48B /* SDWebImageDownloader.m in Sources */,
				A0392BFE213F76550002C48B /* SDImageCache.m in Sources */,
				A0392BB1213E69940002C48B /* ClassificationViewController.m in Sources */,
				A035B8C22142282F00A23D0C /* AddAddressViewController.m in Sources */,
				A0392BC1213F76160002C48B /* SDCollectionViewCell.m in Sources */,
				A0392B78213E65890002C48B /* main.m in Sources */,
				A0392C0D213FACDF0002C48B /* HomeCollectionViewCell.m in Sources */,
				A0392BF1213F76550002C48B /* TAPageControl.m in Sources */,
				A0392BF8213F76550002C48B /* UIImageView+HighlightedWebCache.m in Sources */,
				A0392C00213F76550002C48B /* NSData+ImageContentType.m in Sources */,
				A0392BB4213E69A00002C48B /* FindViewController.m in Sources */,
				A035B8C92142588D00A23D0C /* ConsumptionViewController.m in Sources */,
				A0392B6A213E65870002C48B /* AppDelegate.m in Sources */,
				A0392BF0213F76550002C48B /* TADotView.m in Sources */,
				A0392BC4213F762A0002C48B /* UIView+SDExtension.m in Sources */,
				A0392BAE213E69870002C48B /* HomeViewController.m in Sources */,
				A035B8B721420EF500A23D0C /* RecordViewController.m in Sources */,
			);
			runOnlyForDeploymentPostprocessing = 0;
		};
		A0392B79213E65890002C48B /* Sources */ = {
			isa = PBXSourcesBuildPhase;
			buildActionMask = 2147483647;
			files = (
				A0392B82213E65890002C48B /* yiliangzhengpinTests.m in Sources */,
			);
			runOnlyForDeploymentPostprocessing = 0;
		};
		A0392B84213E65890002C48B /* Sources */ = {
			isa = PBXSourcesBuildPhase;
			buildActionMask = 2147483647;
			files = (
				A0392B8D213E65890002C48B /* yiliangzhengpinUITests.m in Sources */,
			);
			runOnlyForDeploymentPostprocessing = 0;
		};
/* End PBXSourcesBuildPhase section */

/* Begin PBXTargetDependency section */
		A0392B7F213E65890002C48B /* PBXTargetDependency */ = {
			isa = PBXTargetDependency;
			target = A0392B64213E65870002C48B /* yiliangzhengpin */;
			targetProxy = A0392B7E213E65890002C48B /* PBXContainerItemProxy */;
		};
		A0392B8A213E65890002C48B /* PBXTargetDependency */ = {
			isa = PBXTargetDependency;
			target = A0392B64213E65870002C48B /* yiliangzhengpin */;
			targetProxy = A0392B89213E65890002C48B /* PBXContainerItemProxy */;
		};
/* End PBXTargetDependency section */

/* Begin PBXVariantGroup section */
		A0392B6E213E65870002C48B /* Main.storyboard */ = {
			isa = PBXVariantGroup;
			children = (
				A0392B6F213E65870002C48B /* Base */,
			);
			name = Main.storyboard;
			sourceTree = "<group>";
		};
		A0392B73213E65890002C48B /* LaunchScreen.storyboard */ = {
			isa = PBXVariantGroup;
			children = (
				A0392B74213E65890002C48B /* Base */,
			);
			name = LaunchScreen.storyboard;
			sourceTree = "<group>";
		};
/* End PBXVariantGroup section */

/* Begin XCBuildConfiguration section */
		A0392B8F213E65890002C48B /* Debug */ = {
			isa = XCBuildConfiguration;
			buildSettings = {
				ALWAYS_SEARCH_USER_PATHS = NO;
				CLANG_ANALYZER_NONNULL = YES;
				CLANG_ANALYZER_NUMBER_OBJECT_CONVERSION = YES_AGGRESSIVE;
				CLANG_CXX_LANGUAGE_STANDARD = "gnu++14";
				CLANG_CXX_LIBRARY = "libc++";
				CLANG_ENABLE_MODULES = YES;
				CLANG_ENABLE_OBJC_ARC = YES;
				CLANG_ENABLE_OBJC_WEAK = YES;
				CLANG_WARN_BLOCK_CAPTURE_AUTORELEASING = YES;
				CLANG_WARN_BOOL_CONVERSION = YES;
				CLANG_WARN_COMMA = YES;
				CLANG_WARN_CONSTANT_CONVERSION = YES;
				CLANG_WARN_DEPRECATED_OBJC_IMPLEMENTATIONS = YES;
				CLANG_WARN_DIRECT_OBJC_ISA_USAGE = YES_ERROR;
				CLANG_WARN_DOCUMENTATION_COMMENTS = YES;
				CLANG_WARN_EMPTY_BODY = YES;
				CLANG_WARN_ENUM_CONVERSION = YES;
				CLANG_WARN_INFINITE_RECURSION = YES;
				CLANG_WARN_INT_CONVERSION = YES;
				CLANG_WARN_NON_LITERAL_NULL_CONVERSION = YES;
				CLANG_WARN_OBJC_IMPLICIT_RETAIN_SELF = YES;
				CLANG_WARN_OBJC_LITERAL_CONVERSION = YES;
				CLANG_WARN_OBJC_ROOT_CLASS = YES_ERROR;
				CLANG_WARN_RANGE_LOOP_ANALYSIS = YES;
				CLANG_WARN_STRICT_PROTOTYPES = YES;
				CLANG_WARN_SUSPICIOUS_MOVE = YES;
				CLANG_WARN_UNGUARDED_AVAILABILITY = YES_AGGRESSIVE;
				CLANG_WARN_UNREACHABLE_CODE = YES;
				CLANG_WARN__DUPLICATE_METHOD_MATCH = YES;
				CODE_SIGN_IDENTITY = "iPhone Developer";
				COPY_PHASE_STRIP = NO;
				DEBUG_INFORMATION_FORMAT = dwarf;
				ENABLE_STRICT_OBJC_MSGSEND = YES;
				ENABLE_TESTABILITY = YES;
				GCC_C_LANGUAGE_STANDARD = gnu11;
				GCC_DYNAMIC_NO_PIC = NO;
				GCC_NO_COMMON_BLOCKS = YES;
				GCC_OPTIMIZATION_LEVEL = 0;
				GCC_PREPROCESSOR_DEFINITIONS = (
					"DEBUG=1",
					"$(inherited)",
				);
				GCC_WARN_64_TO_32_BIT_CONVERSION = YES;
				GCC_WARN_ABOUT_RETURN_TYPE = YES_ERROR;
				GCC_WARN_UNDECLARED_SELECTOR = YES;
				GCC_WARN_UNINITIALIZED_AUTOS = YES_AGGRESSIVE;
				GCC_WARN_UNUSED_FUNCTION = YES;
				GCC_WARN_UNUSED_VARIABLE = YES;
				IPHONEOS_DEPLOYMENT_TARGET = 11.4;
				MTL_ENABLE_DEBUG_INFO = YES;
				ONLY_ACTIVE_ARCH = YES;
				SDKROOT = iphoneos;
			};
			name = Debug;
		};
		A0392B90213E65890002C48B /* Release */ = {
			isa = XCBuildConfiguration;
			buildSettings = {
				ALWAYS_SEARCH_USER_PATHS = NO;
				CLANG_ANALYZER_NONNULL = YES;
				CLANG_ANALYZER_NUMBER_OBJECT_CONVERSION = YES_AGGRESSIVE;
				CLANG_CXX_LANGUAGE_STANDARD = "gnu++14";
				CLANG_CXX_LIBRARY = "libc++";
				CLANG_ENABLE_MODULES = YES;
				CLANG_ENABLE_OBJC_ARC = YES;
				CLANG_ENABLE_OBJC_WEAK = YES;
				CLANG_WARN_BLOCK_CAPTURE_AUTORELEASING = YES;
				CLANG_WARN_BOOL_CONVERSION = YES;
				CLANG_WARN_COMMA = YES;
				CLANG_WARN_CONSTANT_CONVERSION = YES;
				CLANG_WARN_DEPRECATED_OBJC_IMPLEMENTATIONS = YES;
				CLANG_WARN_DIRECT_OBJC_ISA_USAGE = YES_ERROR;
				CLANG_WARN_DOCUMENTATION_COMMENTS = YES;
				CLANG_WARN_EMPTY_BODY = YES;
				CLANG_WARN_ENUM_CONVERSION = YES;
				CLANG_WARN_INFINITE_RECURSION = YES;
				CLANG_WARN_INT_CONVERSION = YES;
				CLANG_WARN_NON_LITERAL_NULL_CONVERSION = YES;
				CLANG_WARN_OBJC_IMPLICIT_RETAIN_SELF = YES;
				CLANG_WARN_OBJC_LITERAL_CONVERSION = YES;
				CLANG_WARN_OBJC_ROOT_CLASS = YES_ERROR;
				CLANG_WARN_RANGE_LOOP_ANALYSIS = YES;
				CLANG_WARN_STRICT_PROTOTYPES = YES;
				CLANG_WARN_SUSPICIOUS_MOVE = YES;
				CLANG_WARN_UNGUARDED_AVAILABILITY = YES_AGGRESSIVE;
				CLANG_WARN_UNREACHABLE_CODE = YES;
				CLANG_WARN__DUPLICATE_METHOD_MATCH = YES;
				CODE_SIGN_IDENTITY = "iPhone Developer";
				COPY_PHASE_STRIP = NO;
				DEBUG_INFORMATION_FORMAT = "dwarf-with-dsym";
				ENABLE_NS_ASSERTIONS = NO;
				ENABLE_STRICT_OBJC_MSGSEND = YES;
				GCC_C_LANGUAGE_STANDARD = gnu11;
				GCC_NO_COMMON_BLOCKS = YES;
				GCC_WARN_64_TO_32_BIT_CONVERSION = YES;
				GCC_WARN_ABOUT_RETURN_TYPE = YES_ERROR;
				GCC_WARN_UNDECLARED_SELECTOR = YES;
				GCC_WARN_UNINITIALIZED_AUTOS = YES_AGGRESSIVE;
				GCC_WARN_UNUSED_FUNCTION = YES;
				GCC_WARN_UNUSED_VARIABLE = YES;
				IPHONEOS_DEPLOYMENT_TARGET = 11.4;
				MTL_ENABLE_DEBUG_INFO = NO;
				SDKROOT = iphoneos;
				VALIDATE_PRODUCT = YES;
			};
			name = Release;
		};
		A0392B92213E65890002C48B /* Debug */ = {
			isa = XCBuildConfiguration;
			buildSettings = {
				ASSETCATALOG_COMPILER_APPICON_NAME = AppIcon;
				CLANG_WARN_OBJC_IMPLICIT_RETAIN_SELF = NO;
				CODE_SIGN_STYLE = Automatic;
				DEVELOPMENT_TEAM = 5LNWS2LTGZ;
				GCC_PREFIX_HEADER = /Users/wuzuhui/Desktop/yiliangzhengpin/yiliangzhengpin/yiliangzhengpin/Header.h;
				INFOPLIST_FILE = yiliangzhengpin/Info.plist;
				LD_RUNPATH_SEARCH_PATHS = (
					"$(inherited)",
					"@executable_path/Frameworks",
				);
				PRODUCT_BUNDLE_IDENTIFIER = com.app.yiliangzhengpin;
				PRODUCT_NAME = "$(TARGET_NAME)";
				TARGETED_DEVICE_FAMILY = "1,2";
			};
			name = Debug;
		};
		A0392B93213E65890002C48B /* Release */ = {
			isa = XCBuildConfiguration;
			buildSettings = {
				ASSETCATALOG_COMPILER_APPICON_NAME = AppIcon;
				CLANG_WARN_OBJC_IMPLICIT_RETAIN_SELF = NO;
				CODE_SIGN_STYLE = Automatic;
				DEVELOPMENT_TEAM = 5LNWS2LTGZ;
				GCC_PREFIX_HEADER = /Users/wuzuhui/Desktop/yiliangzhengpin/yiliangzhengpin/yiliangzhengpin/Header.h;
				INFOPLIST_FILE = yiliangzhengpin/Info.plist;
				LD_RUNPATH_SEARCH_PATHS = (
					"$(inherited)",
					"@executable_path/Frameworks",
				);
				PRODUCT_BUNDLE_IDENTIFIER = com.app.yiliangzhengpin;
				PRODUCT_NAME = "$(TARGET_NAME)";
				TARGETED_DEVICE_FAMILY = "1,2";
			};
			name = Release;
		};
		A0392B95213E65890002C48B /* Debug */ = {
			isa = XCBuildConfiguration;
			buildSettings = {
				BUNDLE_LOADER = "$(TEST_HOST)";
				CODE_SIGN_STYLE = Automatic;
				INFOPLIST_FILE = yiliangzhengpinTests/Info.plist;
				LD_RUNPATH_SEARCH_PATHS = (
					"$(inherited)",
					"@executable_path/Frameworks",
					"@loader_path/Frameworks",
				);
				PRODUCT_BUNDLE_IDENTIFIER = com.app.yiliangzhengpinTests;
				PRODUCT_NAME = "$(TARGET_NAME)";
				TARGETED_DEVICE_FAMILY = "1,2";
				TEST_HOST = "$(BUILT_PRODUCTS_DIR)/yiliangzhengpin.app/yiliangzhengpin";
			};
			name = Debug;
		};
		A0392B96213E65890002C48B /* Release */ = {
			isa = XCBuildConfiguration;
			buildSettings = {
				BUNDLE_LOADER = "$(TEST_HOST)";
				CODE_SIGN_STYLE = Automatic;
				INFOPLIST_FILE = yiliangzhengpinTests/Info.plist;
				LD_RUNPATH_SEARCH_PATHS = (
					"$(inherited)",
					"@executable_path/Frameworks",
					"@loader_path/Frameworks",
				);
				PRODUCT_BUNDLE_IDENTIFIER = com.app.yiliangzhengpinTests;
				PRODUCT_NAME = "$(TARGET_NAME)";
				TARGETED_DEVICE_FAMILY = "1,2";
				TEST_HOST = "$(BUILT_PRODUCTS_DIR)/yiliangzhengpin.app/yiliangzhengpin";
			};
			name = Release;
		};
		A0392B98213E65890002C48B /* Debug */ = {
			isa = XCBuildConfiguration;
			buildSettings = {
				CODE_SIGN_STYLE = Automatic;
				INFOPLIST_FILE = yiliangzhengpinUITests/Info.plist;
				LD_RUNPATH_SEARCH_PATHS = (
					"$(inherited)",
					"@executable_path/Frameworks",
					"@loader_path/Frameworks",
				);
				PRODUCT_BUNDLE_IDENTIFIER = com.app.yiliangzhengpinUITests;
				PRODUCT_NAME = "$(TARGET_NAME)";
				TARGETED_DEVICE_FAMILY = "1,2";
				TEST_TARGET_NAME = yiliangzhengpin;
			};
			name = Debug;
		};
		A0392B99213E65890002C48B /* Release */ = {
			isa = XCBuildConfiguration;
			buildSettings = {
				CODE_SIGN_STYLE = Automatic;
				INFOPLIST_FILE = yiliangzhengpinUITests/Info.plist;
				LD_RUNPATH_SEARCH_PATHS = (
					"$(inherited)",
					"@executable_path/Frameworks",
					"@loader_path/Frameworks",
				);
				PRODUCT_BUNDLE_IDENTIFIER = com.app.yiliangzhengpinUITests;
				PRODUCT_NAME = "$(TARGET_NAME)";
				TARGETED_DEVICE_FAMILY = "1,2";
				TEST_TARGET_NAME = yiliangzhengpin;
			};
			name = Release;
		};
/* End XCBuildConfiguration section */

/* Begin XCConfigurationList section */
		A0392B60213E65870002C48B /* Build configuration list for PBXProject "yiliangzhengpin" */ = {
			isa = XCConfigurationList;
			buildConfigurations = (
				A0392B8F213E65890002C48B /* Debug */,
				A0392B90213E65890002C48B /* Release */,
			);
			defaultConfigurationIsVisible = 0;
			defaultConfigurationName = Release;
		};
		A0392B91213E65890002C48B /* Build configuration list for PBXNativeTarget "yiliangzhengpin" */ = {
			isa = XCConfigurationList;
			buildConfigurations = (
				A0392B92213E65890002C48B /* Debug */,
				A0392B93213E65890002C48B /* Release */,
			);
			defaultConfigurationIsVisible = 0;
			defaultConfigurationName = Release;
		};
		A0392B94213E65890002C48B /* Build configuration list for PBXNativeTarget "yiliangzhengpinTests" */ = {
			isa = XCConfigurationList;
			buildConfigurations = (
				A0392B95213E65890002C48B /* Debug */,
				A0392B96213E65890002C48B /* Release */,
			);
			defaultConfigurationIsVisible = 0;
			defaultConfigurationName = Release;
		};
		A0392B97213E65890002C48B /* Build configuration list for PBXNativeTarget "yiliangzhengpinUITests" */ = {
			isa = XCConfigurationList;
			buildConfigurations = (
				A0392B98213E65890002C48B /* Debug */,
				A0392B99213E65890002C48B /* Release */,
			);
			defaultConfigurationIsVisible = 0;
			defaultConfigurationName = Release;
		};
/* End XCConfigurationList section */
	};
	rootObject = A0392B5D213E65870002C48B /* Project object */;
}
